{
  "name": "nodejs-automatic",
  "version": "1.0.0",
  "lockfileVersion": 3,
  "requires": true,
  "packages": {
    "": {
      "name": "nodejs-automatic",
      "version": "1.0.0",
      "license": "ISC",
      "dependencies": {
        "cheerio": "^1.0.0-rc.12",
        "glob": "^8.0.3",
        "moment": "^2.29.4",
        "pandoc": "^0.2.0",
        "xlsx": "^0.18.5"
      }
    },
    "node_modules/_adler-32@1.3.1@adler-32": {
      "name": "adler-32",
      "version": "1.3.1",
      "license": "Apache-2.0",
      "engines": {
        "node": ">=0.8"
      }
    },
    "node_modules/_balanced-match@1.0.2@balanced-match": {
      "name": "balanced-match",
      "version": "1.0.2",
      "license": "MIT"
    },
    "node_modules/_brace-expansion@2.0.1@brace-expansion": {
      "name": "brace-expansion",
      "version": "2.0.1",
      "license": "MIT",
      "dependencies": {
        "balanced-match": "^1.0.0"
      }
    },
    "node_modules/_brace-expansion@2.0.1@brace-expansion/node_modules/balanced-match": {
      "resolved": "node_modules/_balanced-match@1.0.2@balanced-match",
      "link": true
    },
    "node_modules/_cfb@1.2.2@cfb": {
      "name": "cfb",
      "version": "1.2.2",
      "license": "Apache-2.0",
      "dependencies": {
        "adler-32": "~1.3.0",
        "crc-32": "~1.2.0"
      },
      "engines": {
        "node": ">=0.8"
      }
    },
    "node_modules/_cfb@1.2.2@cfb/node_modules/adler-32": {
      "resolved": "node_modules/_adler-32@1.3.1@adler-32",
      "link": true
    },
    "node_modules/_cfb@1.2.2@cfb/node_modules/crc-32": {
      "resolved": "node_modules/_crc-32@1.2.2@crc-32",
      "link": true
    },
    "node_modules/_codepage@1.15.0@codepage": {
      "name": "codepage",
      "version": "1.15.0",
      "license": "Apache-2.0",
      "engines": {
        "node": ">=0.8"
      }
    },
    "node_modules/_crc-32@1.2.2@crc-32": {
      "name": "crc-32",
      "version": "1.2.2",
      "license": "Apache-2.0",
      "bin": {
        "crc32": "bin/crc32.njs"
      },
      "engines": {
        "node": ">=0.8"
      }
    },
    "node_modules/_frac@1.1.2@frac": {
      "name": "frac",
      "version": "1.1.2",
      "license": "Apache-2.0",
      "engines": {
        "node": ">=0.8"
      }
    },
    "node_modules/_fs.realpath@1.0.0@fs.realpath": {
      "name": "fs.realpath",
      "version": "1.0.0",
      "license": "ISC"
    },
    "node_modules/_glob@8.0.3@glob": {
      "name": "glob",
      "version": "8.0.3",
      "license": "ISC",
      "dependencies": {
        "fs.realpath": "^1.0.0",
        "inflight": "^1.0.4",
        "inherits": "2",
        "minimatch": "^5.0.1",
        "once": "^1.3.0"
      },
      "engines": {
        "node": ">=12"
      },
      "funding": {
        "url": "https://github.com/sponsors/isaacs"
      }
    },
    "node_modules/_glob@8.0.3@glob/node_modules/fs.realpath": {
      "resolved": "node_modules/_fs.realpath@1.0.0@fs.realpath",
      "link": true
    },
    "node_modules/_glob@8.0.3@glob/node_modules/inflight": {
      "resolved": "node_modules/_inflight@1.0.6@inflight",
      "link": true
    },
    "node_modules/_glob@8.0.3@glob/node_modules/inherits": {
      "resolved": "node_modules/_inherits@2.0.4@inherits",
      "link": true
    },
    "node_modules/_glob@8.0.3@glob/node_modules/minimatch": {
      "resolved": "node_modules/_minimatch@5.1.0@minimatch",
      "link": true
    },
    "node_modules/_glob@8.0.3@glob/node_modules/once": {
      "resolved": "node_modules/_once@1.4.0@once",
      "link": true
    },
    "node_modules/_inflight@1.0.6@inflight": {
      "name": "inflight",
      "version": "1.0.6",
      "license": "ISC",
      "dependencies": {
        "once": "^1.3.0",
        "wrappy": "1"
      }
    },
    "node_modules/_inflight@1.0.6@inflight/node_modules/once": {
      "resolved": "node_modules/_once@1.4.0@once",
      "link": true
    },
    "node_modules/_inflight@1.0.6@inflight/node_modules/wrappy": {
      "resolved": "node_modules/_wrappy@1.0.2@wrappy",
      "link": true
    },
    "node_modules/_inherits@2.0.4@inherits": {
      "name": "inherits",
      "version": "2.0.4",
      "license": "ISC"
    },
    "node_modules/_minimatch@5.1.0@minimatch": {
      "name": "minimatch",
      "version": "5.1.0",
      "license": "ISC",
      "dependencies": {
        "brace-expansion": "^2.0.1"
      },
      "engines": {
        "node": ">=10"
      }
    },
    "node_modules/_minimatch@5.1.0@minimatch/node_modules/brace-expansion": {
      "resolved": "node_modules/_brace-expansion@2.0.1@brace-expansion",
      "link": true
    },
    "node_modules/_moment@2.29.4@moment": {
      "name": "moment",
      "version": "2.29.4",
      "license": "MIT",
      "engines": {
        "node": "*"
      }
    },
    "node_modules/_once@1.4.0@once": {
      "name": "once",
      "version": "1.4.0",
      "license": "ISC",
      "dependencies": {
        "wrappy": "1"
      }
    },
    "node_modules/_once@1.4.0@once/node_modules/wrappy": {
      "resolved": "node_modules/_wrappy@1.0.2@wrappy",
      "link": true
    },
    "node_modules/_ssf@0.11.2@ssf": {
      "name": "ssf",
      "version": "0.11.2",
      "license": "Apache-2.0",
      "dependencies": {
        "frac": "~1.1.2"
      },
      "engines": {
        "node": ">=0.8"
      }
    },
    "node_modules/_ssf@0.11.2@ssf/node_modules/frac": {
      "resolved": "node_modules/_frac@1.1.2@frac",
      "link": true
    },
    "node_modules/_wmf@1.0.2@wmf": {
      "name": "wmf",
      "version": "1.0.2",
      "license": "Apache-2.0",
      "engines": {
        "node": ">=0.8"
      }
    },
    "node_modules/_word@0.3.0@word": {
      "name": "word",
      "version": "0.3.0",
      "license": "Apache-2.0",
      "engines": {
        "node": ">=0.8"
      }
    },
    "node_modules/_wrappy@1.0.2@wrappy": {
      "name": "wrappy",
      "version": "1.0.2",
      "license": "ISC"
    },
    "node_modules/_xlsx@0.18.5@xlsx": {
      "name": "xlsx",
      "version": "0.18.5",
      "license": "Apache-2.0",
      "dependencies": {
        "adler-32": "~1.3.0",
        "cfb": "~1.2.1",
        "codepage": "~1.15.0",
        "crc-32": "~1.2.1",
        "ssf": "~0.11.2",
        "wmf": "~1.0.1",
        "word": "~0.3.0"
      },
      "bin": {
        "xlsx": "bin/xlsx.njs"
      },
      "engines": {
        "node": ">=0.8"
      }
    },
    "node_modules/_xlsx@0.18.5@xlsx/node_modules/adler-32": {
      "resolved": "node_modules/_adler-32@1.3.1@adler-32",
      "link": true
    },
    "node_modules/_xlsx@0.18.5@xlsx/node_modules/cfb": {
      "resolved": "node_modules/_cfb@1.2.2@cfb",
      "link": true
    },
    "node_modules/_xlsx@0.18.5@xlsx/node_modules/codepage": {
      "resolved": "node_modules/_codepage@1.15.0@codepage",
      "link": true
    },
    "node_modules/_xlsx@0.18.5@xlsx/node_modules/crc-32": {
      "resolved": "node_modules/_crc-32@1.2.2@crc-32",
      "link": true
    },
    "node_modules/_xlsx@0.18.5@xlsx/node_modules/ssf": {
      "resolved": "node_modules/_ssf@0.11.2@ssf",
      "link": true
    },
    "node_modules/_xlsx@0.18.5@xlsx/node_modules/wmf": {
      "resolved": "node_modules/_wmf@1.0.2@wmf",
      "link": true
    },
    "node_modules/_xlsx@0.18.5@xlsx/node_modules/word": {
      "resolved": "node_modules/_word@0.3.0@word",
      "link": true
    },
    "node_modules/boolbase": {
      "version": "1.0.0",
      "resolved": "https://registry.npmjs.org/boolbase/-/boolbase-1.0.0.tgz",
      "integrity": "sha512-JZOSA7Mo9sNGB8+UjSgzdLtokWAky1zbztM3WRLCbZ70/3cTANmQmOdR7y2g+J0e2WXywy1yS468tY+IruqEww=="
    },
    "node_modules/cheerio": {
      "version": "1.0.0-rc.12",
      "resolved": "https://registry.npmjs.org/cheerio/-/cheerio-1.0.0-rc.12.tgz",
      "integrity": "sha512-VqR8m68vM46BNnuZ5NtnGBKIE/DfN0cRIzg9n40EIq9NOv90ayxLBXA8fXC5gquFRGJSTRqBq25Jt2ECLR431Q==",
      "dependencies": {
        "cheerio-select": "^2.1.0",
        "dom-serializer": "^2.0.0",
        "domhandler": "^5.0.3",
        "domutils": "^3.0.1",
        "htmlparser2": "^8.0.1",
        "parse5": "^7.0.0",
        "parse5-htmlparser2-tree-adapter": "^7.0.0"
      },
      "engines": {
        "node": ">= 6"
      },
      "funding": {
        "url": "https://github.com/cheeriojs/cheerio?sponsor=1"
      }
    },
    "node_modules/cheerio-select": {
      "version": "2.1.0",
      "resolved": "https://registry.npmjs.org/cheerio-select/-/cheerio-select-2.1.0.tgz",
      "integrity": "sha512-9v9kG0LvzrlcungtnJtpGNxY+fzECQKhK4EGJX2vByejiMX84MFNQw4UxPJl3bFbTMw+Dfs37XaIkCwTZfLh4g==",
      "dependencies": {
        "boolbase": "^1.0.0",
        "css-select": "^5.1.0",
        "css-what": "^6.1.0",
        "domelementtype": "^2.3.0",
        "domhandler": "^5.0.3",
        "domutils": "^3.0.1"
      },
      "funding": {
        "url": "https://github.com/sponsors/fb55"
      }
    },
    "node_modules/css-select": {
      "version": "5.1.0",
      "resolved": "https://registry.npmjs.org/css-select/-/css-select-5.1.0.tgz",
      "integrity": "sha512-nwoRF1rvRRnnCqqY7updORDsuqKzqYJ28+oSMaJMMgOauh3fvwHqMS7EZpIPqK8GL+g9mKxF1vP/ZjSeNjEVHg==",
      "dependencies": {
        "boolbase": "^1.0.0",
        "css-what": "^6.1.0",
        "domhandler": "^5.0.2",
        "domutils": "^3.0.1",
        "nth-check": "^2.0.1"
      },
      "funding": {
        "url": "https://github.com/sponsors/fb55"
      }
    },
    "node_modules/css-what": {
      "version": "6.1.0",
      "resolved": "https://registry.npmjs.org/css-what/-/css-what-6.1.0.tgz",
      "integrity": "sha512-HTUrgRJ7r4dsZKU6GjmpfRK1O76h97Z8MfS1G0FozR+oF2kG6Vfe8JE6zwrkbxigziPHinCJ+gCPjA9EaBDtRw==",
      "engines": {
        "node": ">= 6"
      },
      "funding": {
        "url": "https://github.com/sponsors/fb55"
      }
    },
    "node_modules/dom-serializer": {
      "version": "2.0.0",
      "resolved": "https://registry.npmjs.org/dom-serializer/-/dom-serializer-2.0.0.tgz",
      "integrity": "sha512-wIkAryiqt/nV5EQKqQpo3SToSOV9J0DnbJqwK7Wv/Trc92zIAYZ4FlMu+JPFW1DfGFt81ZTCGgDEabffXeLyJg==",
      "dependencies": {
        "domelementtype": "^2.3.0",
        "domhandler": "^5.0.2",
        "entities": "^4.2.0"
      },
      "funding": {
        "url": "https://github.com/cheeriojs/dom-serializer?sponsor=1"
      }
    },
    "node_modules/domelementtype": {
      "version": "2.3.0",
      "resolved": "https://registry.npmjs.org/domelementtype/-/domelementtype-2.3.0.tgz",
      "integrity": "sha512-OLETBj6w0OsagBwdXnPdN0cnMfF9opN69co+7ZrbfPGrdpPVNBUj02spi6B1N7wChLQiPn4CSH/zJvXw56gmHw==",
      "funding": [
        {
          "type": "github",
          "url": "https://github.com/sponsors/fb55"
        }
      ]
    },
    "node_modules/domhandler": {
      "version": "5.0.3",
      "resolved": "https://registry.npmjs.org/domhandler/-/domhandler-5.0.3.tgz",
      "integrity": "sha512-cgwlv/1iFQiFnU96XXgROh8xTeetsnJiDsTc7TYCLFd9+/WNkIqPTxiM/8pSd8VIrhXGTf1Ny1q1hquVqDJB5w==",
      "dependencies": {
        "domelementtype": "^2.3.0"
      },
      "engines": {
        "node": ">= 4"
      },
      "funding": {
        "url": "https://github.com/fb55/domhandler?sponsor=1"
      }
    },
    "node_modules/domutils": {
      "version": "3.1.0",
      "resolved": "https://registry.npmjs.org/domutils/-/domutils-3.1.0.tgz",
      "integrity": "sha512-H78uMmQtI2AhgDJjWeQmHwJJ2bLPD3GMmO7Zja/ZZh84wkm+4ut+IUnUdRa8uCGX88DiVx1j6FRe1XfxEgjEZA==",
      "dependencies": {
        "dom-serializer": "^2.0.0",
        "domelementtype": "^2.3.0",
        "domhandler": "^5.0.3"
      },
      "funding": {
        "url": "https://github.com/fb55/domutils?sponsor=1"
      }
    },
    "node_modules/entities": {
      "version": "4.5.0",
      "resolved": "https://registry.npmjs.org/entities/-/entities-4.5.0.tgz",
      "integrity": "sha512-V0hjH4dGPh9Ao5p0MoRY6BVqtwCjhz6vI5LT8AJ55H+4g9/4vbHx1I54fS0XuclLhDHArPQCiMjDxjaL8fPxhw==",
      "engines": {
        "node": ">=0.12"
      },
      "funding": {
        "url": "https://github.com/fb55/entities?sponsor=1"
      }
    },
    "node_modules/glob": {
      "resolved": "node_modules/_glob@8.0.3@glob",
      "link": true
    },
    "node_modules/htmlparser2": {
      "version": "8.0.2",
      "resolved": "https://registry.npmjs.org/htmlparser2/-/htmlparser2-8.0.2.tgz",
      "integrity": "sha512-GYdjWKDkbRLkZ5geuHs5NY1puJ+PXwP7+fHPRz06Eirsb9ugf6d8kkXav6ADhcODhFFPMIXyxkxSuMf3D6NCFA==",
      "funding": [
        "https://github.com/fb55/htmlparser2?sponsor=1",
        {
          "type": "github",
          "url": "https://github.com/sponsors/fb55"
        }
      ],
      "dependencies": {
        "domelementtype": "^2.3.0",
        "domhandler": "^5.0.3",
        "domutils": "^3.0.1",
        "entities": "^4.4.0"
      }
    },
    "node_modules/moment": {
      "resolved": "node_modules/_moment@2.29.4@moment",
      "link": true
    },
    "node_modules/nth-check": {
      "version": "2.1.1",
      "resolved": "https://registry.npmjs.org/nth-check/-/nth-check-2.1.1.tgz",
      "integrity": "sha512-lqjrjmaOoAnWfMmBPL+XNnynZh2+swxiX3WUE0s4yEHI6m+AwrK2UZOimIRl3X/4QctVqS8AiZjFqyOGrMXb/w==",
      "dependencies": {
        "boolbase": "^1.0.0"
      },
      "funding": {
        "url": "https://github.com/fb55/nth-check?sponsor=1"
      }
    },
    "node_modules/pandoc": {
      "version": "0.2.0",
      "resolved": "https://registry.npmjs.org/pandoc/-/pandoc-0.2.0.tgz",
      "integrity": "sha512-OD/Sqpv7QYwxgNpzLeEWPkN7+BQgJfONW5UUiEBwYItfszPUU4kS9fA4f0GpWoN1TdGW899dI/7vioMgchtNnQ==",
      "engines": {
        "node": ">= 0.4.0"
      }
    },
    "node_modules/parse5": {
      "version": "7.1.2",
      "resolved": "https://registry.npmjs.org/parse5/-/parse5-7.1.2.tgz",
      "integrity": "sha512-Czj1WaSVpaoj0wbhMzLmWD69anp2WH7FXMB9n1Sy8/ZFF9jolSQVMu1Ij5WIyGmcBmhk7EOndpO4mIpihVqAXw==",
      "dependencies": {
        "entities": "^4.4.0"
      },
      "funding": {
        "url": "https://github.com/inikulin/parse5?sponsor=1"
      }
    },
    "node_modules/parse5-htmlparser2-tree-adapter": {
      "version": "7.0.0",
      "resolved": "https://registry.npmjs.org/parse5-htmlparser2-tree-adapter/-/parse5-htmlparser2-tree-adapter-7.0.0.tgz",
      "integrity": "sha512-B77tOZrqqfUfnVcOrUvfdLbz4pu4RopLD/4vmu3HUPswwTA8OH0EMW9BlWR2B0RCoiZRAHEUu7IxeP1Pd1UU+g==",
      "dependencies": {
        "domhandler": "^5.0.2",
        "parse5": "^7.0.0"
      },
      "funding": {
        "url": "https://github.com/inikulin/parse5?sponsor=1"
      }
    },
    "node_modules/xlsx": {
      "resolved": "node_modules/_xlsx@0.18.5@xlsx",
      "link": true
    }
  }
}
